
Microsoft Visual Studio Solution File, Format Version 12.00
# Visual Studio Version 17
VisualStudioVersion = 17.1.32228.430
MinimumVisualStudioVersion = 10.0.40219.1
Project("{FAE04EC0-301F-11D3-BF4B-00C04F79EFBC}") = "magnajs", "magnajs\magnajs.csproj", "{0684CE2E-4D5B-4A3B-8C0B-82810CB37F8E}"
EndProject
Project("{FAE04EC0-301F-11D3-BF4B-00C04F79EFBC}") = "logic", "logic\logic.csproj", "{97FE0F02-7D3A-4D84-B85C-F7C989EF5FCE}"
EndProject
Global
	GlobalSection(SolutionConfigurationPlatforms) = preSolution
		Debug|Any CPU = Debug|Any CPU
		Release|Any CPU = Release|Any CPU
	EndGlobalSection
	GlobalSection(ProjectConfigurationPlatforms) = postSolution
		{0684CE2E-4D5B-4A3B-8C0B-82810CB37F8E}.Debug|Any CPU.ActiveCfg = Debug|Any CPU
		{0684CE2E-4D5B-4A3B-8C0B-82810CB37F8E}.Debug|Any CPU.Build.0 = Debug|Any CPU
		{0684CE2E-4D5B-4A3B-8C0B-82810CB37F8E}.Release|Any CPU.ActiveCfg = Release|Any CPU
		{0684CE2E-4D5B-4A3B-8C0B-82810CB37F8E}.Release|Any CPU.Build.0 = Release|Any CPU
		{97FE0F02-7D3A-4D84-B85C-F7C989EF5FCE}.Debug|Any CPU.ActiveCfg = Debug|Any CPU
		{97FE0F02-7D3A-4D84-B85C-F7C989EF5FCE}.Debug|Any CPU.Build.0 = Debug|Any CPU
		{97FE0F02-7D3A-4D84-B85C-F7C989EF5FCE}.Release|Any CPU.ActiveCfg = Release|Any CPU
		{97FE0F02-7D3A-4D84-B85C-F7C989EF5FCE}.Release|Any CPU.Build.0 = Release|Any CPU
	EndGlobalSection
	GlobalSection(SolutionProperties) = preSolution
		HideSolutionNode = FALSE
	EndGlobalSection
	GlobalSection(ExtensibilityGlobals) = postSolution
		SolutionGuid = {7D6EDCEB-E1D3-4B6F-BF0E-A40F25F69350}
	EndGlobalSection
EndGlobal
